dependencies:
  mime-types: 2.1.27
devDependencies:
  '@types/mime-types': 2.1.0
lockfileVersion: 5.1
packages:
  /@types/mime-types/2.1.0:
    dev: true
    resolution:
      integrity: sha1-nKUs2jY/aZxpRmwqbM2q2RPqenM=
  /mime-db/1.44.0:
    dev: false
    engines:
      node: '>= 0.6'
    resolution:
      integrity: sha512-/NOTfLrsPBVeH7YtFPgsVWveuL+4SjjYxaQ1xtM1KMFj7HdxlBlxeyNLzhyJVx7r4rZGJAZ/6lkKCitSc/Nmpg==
  /mime-types/2.1.27:
    dependencies:
      mime-db: 1.44.0
    dev: false
    engines:
      node: '>= 0.6'
    resolution:
      integrity: sha512-JIhqnCasI9yD+SsmkquHBxTSEuZdQX5BuQnS2Vc7puQQQ+8yiP5AY5uWhpdv4YL4VM5c6iliiYWPgJ/nJQLp7w==
specifiers:
  '@types/mime-types': ^2.1.0
  mime-types: ^2.1.27
