lockfileVersion: '6.0'

dependencies:
  '@tinyhttp/app':
    specifier: ^2.0.31
    version: 2.0.31
  axios:
    specifier: ^1.4.0
    version: 1.4.0
  cache-manager:
    specifier: ^5.2.1
    version: 5.2.1

packages:

  /@tinyhttp/accepts@2.0.8:
    resolution: {integrity: sha512-+/QwWAXDKiQwr1ce+azdCEbUFNv5MgJGr8/anwyIODFuFXVZ33iukgUeCSpszy7KvFB0RbuPXQjtMpii12ejuA==}
    engines: {node: '>=12.4.0'}
    dependencies:
      es-mime-types: 0.1.4
      negotiator: 0.6.3
    dev: false

  /@tinyhttp/app@2.0.31:
    resolution: {integrity: sha512-/FPhGxNdFw6/JBkTp9QTlliEVrZvlQRHKi1aeOF6KQGPFp6yVZfCODPbR+2pL1e0mcSSuTGOkjmEPK9nOGZ+Zg==}
    engines: {node: '>=12.x'}
    dependencies:
      '@tinyhttp/cookie': 2.0.6
      '@tinyhttp/proxy-addr': 2.0.7
      '@tinyhttp/req': 2.0.16
      '@tinyhttp/res': 2.0.23
      '@tinyhttp/router': 2.0.7
      header-range-parser: 1.1.3
      regexparam: 2.0.1
    dev: false

  /@tinyhttp/content-disposition@2.0.9:
    resolution: {integrity: sha512-ERzNxML7GoR9tPo6qcKOsqlfLLWVUpIwNwZQw/9XRpDJJyJ5CL1pQVdsCKWpqN6tiu0zdGQyEZ1c8Tw4iu14kA==}
    engines: {node: '>=12.4.0'}
    dev: false

  /@tinyhttp/cookie-signature@2.0.6:
    resolution: {integrity: sha512-ETEkKy9okt/hakLoNORK0a5UNzh6QEOJyngtb5fY1vbUc88phOio1mtq+iAPs45tlDx3scTk9mcmSglzbRFbXA==}
    engines: {node: '>=12.4.0'}
    dev: false

  /@tinyhttp/cookie@2.0.6:
    resolution: {integrity: sha512-aiRoK8YrzzcjHoL4kf1f44X6aCCWOkaMMnTfKYM4vmSEA2QNZPKU/DW1O06Wuv5TUHXnu2Kxtf0jV/OV1Inojg==}
    engines: {node: '>=12.4.0'}
    dev: false

  /@tinyhttp/encode-url@2.0.7:
    resolution: {integrity: sha512-YFOKF+WR4T08Gmldj6/fQVVRWlRqH7yvxpZwUGrxJi06ns73nkuS8ykFSm9/e+n69eRpnAcF+ZN2DKZYIa/Kcg==}
    engines: {node: '>=12.4.0'}
    dev: false

  /@tinyhttp/etag@2.0.6:
    resolution: {integrity: sha512-7mX8kERzYFKDz0MD2upgp1qjst8fbDq7dVOGp0V2+MPWUzhztLBuhJ1Pbu05QypDhSGPvkOM0onSnzbWkrv5ZQ==}
    engines: {node: '>=12.4.0'}
    dev: false

  /@tinyhttp/forwarded@2.0.6:
    resolution: {integrity: sha512-0DtpuA2KhnTdPlofhuy2KEbcvqLiDXLSqgDzZgxiyFTkcGaL5YzgUMNpNkRbczckJXC1BXgNCrxw58f9wS8nxw==}
    engines: {node: '>=12.4.0'}
    dev: false

  /@tinyhttp/proxy-addr@2.0.7:
    resolution: {integrity: sha512-aB5TvrKkg8iyi8781ajlNCq2Q6dTuY/LmrJq0I6tqxK6ozvCKzghy9qbQmGMPOnLpRxO04cF1+9ze74Yy5mFqw==}
    engines: {node: '>=12.4.0'}
    dependencies:
      '@tinyhttp/forwarded': 2.0.6
      ipaddr.js: 2.0.1
    dev: false

  /@tinyhttp/req@2.0.16:
    resolution: {integrity: sha512-zSDbusEf6qfAyGhUNAuMSPo81aaN67Fpluf0C+AR2CbKjzoDVaUhTyWqkA14x5QkJICHksmGObBJiXG32ln5mw==}
    engines: {node: '>=12.4.0'}
    dependencies:
      '@tinyhttp/accepts': 2.0.8
      '@tinyhttp/type-is': 2.0.7
      '@tinyhttp/url': 2.0.8
      es-fresh: 0.0.11
      header-range-parser: 1.1.3
    dev: false

  /@tinyhttp/res@2.0.23:
    resolution: {integrity: sha512-zAhsrFCkKpuMGej7/IQjkfEasl8r17pfR4x4F/521Iki7yoBmZ8E0q27MJoSLMaBYj5yD7dwb5uwr3iUrB0O9w==}
    engines: {node: '>=12.4.0'}
    dependencies:
      '@tinyhttp/content-disposition': 2.0.9
      '@tinyhttp/cookie': 2.0.6
      '@tinyhttp/cookie-signature': 2.0.6
      '@tinyhttp/encode-url': 2.0.7
      '@tinyhttp/req': 2.0.16
      '@tinyhttp/send': 2.0.8
      es-escape-html: 0.1.1
      es-mime-types: 0.1.4
      es-vary: 0.1.2
    dev: false

  /@tinyhttp/router@2.0.7:
    resolution: {integrity: sha512-VuvsBk7GrSBDfY63xyYy2ryQ5iPXj9QBRhWgU28FojIzJSmMOMZiw9JFyhKl5X9mTmYdtxjRewPUxL9gGfG/DQ==}
    engines: {node: '>=12.4.0'}
    dev: false

  /@tinyhttp/send@2.0.8:
    resolution: {integrity: sha512-atmThMLKHV+Pldem8fynNZqWYTcRyoK98KB3FuXFueEBjjHVwhNENU51GIeCeFVFAywMIMlt2HReeJ+DzGpyUg==}
    engines: {node: '>=12.4.0'}
    dependencies:
      '@tinyhttp/etag': 2.0.6
      es-content-type: 0.1.0
      es-mime-types: 0.1.4
    dev: false

  /@tinyhttp/type-is@2.0.7:
    resolution: {integrity: sha512-UGxPNtjoAmJCro2FGOH8FWQSY3XVRB+/t5ZZcBmr0Jmg/FsH38OPSEhpqDTqAO0iojY7h/Rs0+d3cKd6PlOeog==}
    engines: {node: '>=12.4.0'}
    dependencies:
      es-content-type: 0.1.0
      es-mime-types: 0.1.4
    dev: false

  /@tinyhttp/url@2.0.8:
    resolution: {integrity: sha512-Z3ZJ2tq2of7LAfzYqrtNH7jAi/2dSs10c2s1LpuLt1MjIyA2HtGB0x+LKvb7e5jbxOZlFBbeI3ubQODbGf7IKw==}
    engines: {node: '>=12.4.0'}
    dev: false

  /asynckit@0.4.0:
    resolution: {integrity: sha512-Oei9OH4tRh0YqU3GxhX79dM/mwVgvbZJaSNaRk+bshkj0S5cfHcgYakreBjrHwatXKbz+IoIdYLxrKim2MjW0Q==}
    dev: false

  /axios@1.4.0:
    resolution: {integrity: sha512-S4XCWMEmzvo64T9GfvQDOXgYRDJ/wsSZc7Jvdgx5u1sd0JwsuPLqb3SYmusag+edF6ziyMensPVqLTSc1PiSEA==}
    dependencies:
      follow-redirects: 1.15.2
      form-data: 4.0.0
      proxy-from-env: 1.1.0
    transitivePeerDependencies:
      - debug
    dev: false

  /cache-manager@5.2.1:
    resolution: {integrity: sha512-qYHx0DlM0mepUqXkpDg83K1dYEXOinq9+sYdHxs1c5LQjR1MPgm34im+JVtsy9+uoeE2T1JLzJSAB+nV4IH5dQ==}
    dependencies:
      lodash.clonedeep: 4.5.0
      lru-cache: 9.1.1
    dev: false

  /combined-stream@1.0.8:
    resolution: {integrity: sha512-FQN4MRfuJeHf7cBbBMJFXhKSDq+2kAArBlmRBvcvFE5BB1HZKXtSFASDhdlz9zOYwxh8lDdnvmMOe/+5cdoEdg==}
    engines: {node: '>= 0.8'}
    dependencies:
      delayed-stream: 1.0.0
    dev: false

  /delayed-stream@1.0.0:
    resolution: {integrity: sha512-ZySD7Nf91aLB0RxL4KGrKHBXl7Eds1DAmEdcoVawXnLD7SDhpNgtuII2aAkg7a7QS41jxPSZ17p4VdGnMHk3MQ==}
    engines: {node: '>=0.4.0'}
    dev: false

  /es-content-type@0.1.0:
    resolution: {integrity: sha512-DqWU9pSzhNlO10q+NQ/KebImLkKbwbcy0pSv3hNQfEpKFHsrqDJz2vajpZdq7nkiG9DoJcTh22oHGymp7XJd9g==}
    engines: {node: '>=12.x'}
    dev: false

  /es-escape-html@0.1.1:
    resolution: {integrity: sha512-yUx1o+8RsG7UlszmYPtks+dm6Lho2m8lgHMOsLJQsFI0R8XwUJwiMhM1M4E/S8QLeGyf6MkDV/pWgjQ0tdTSyQ==}
    engines: {node: '>=12.x'}
    dev: false

  /es-fresh@0.0.11:
    resolution: {integrity: sha512-pMAgUE0jSWkCf4ua/gcweHdubuAS/wi3paHoBAPRwxfCK/R13oXq53yyN9XHewe0eIVqNlSN7FunxXySX2Q46Q==}
    engines: {node: '>=12.x'}
    dev: false

  /es-mime-types@0.1.4:
    resolution: {integrity: sha512-rUrmfrUIHU/4ykYB+YH80LDiSpmn6sE/A9E8EsFZP4LCtf/PH+ju6d6goFJ8fsGf81pRtQn1cJSmp8JGA9YkfQ==}
    engines: {node: '>=12.x'}
    dependencies:
      mime-db: 1.52.0
    dev: false

  /es-vary@0.1.2:
    resolution: {integrity: sha512-pLqqZoOutAXQXyBJrUYVNM5fZngiOJYi1Xl4svQMrluTsqDUOQlBMw9EYgLrsWL6niDYn/Yd1y2Pj6GC+j/yjA==}
    engines: {node: '>=12.x'}
    dev: false

  /follow-redirects@1.15.2:
    resolution: {integrity: sha512-VQLG33o04KaQ8uYi2tVNbdrWp1QWxNNea+nmIB4EVM28v0hmP17z7aG1+wAkNzVq4KeXTq3221ye5qTJP91JwA==}
    engines: {node: '>=4.0'}
    peerDependencies:
      debug: '*'
    peerDependenciesMeta:
      debug:
        optional: true
    dev: false

  /form-data@4.0.0:
    resolution: {integrity: sha512-ETEklSGi5t0QMZuiXoA/Q6vcnxcLQP5vdugSpuAyi6SVGi2clPPp+xgEhuMaHC+zGgn31Kd235W35f7Hykkaww==}
    engines: {node: '>= 6'}
    dependencies:
      asynckit: 0.4.0
      combined-stream: 1.0.8
      mime-types: 2.1.35
    dev: false

  /header-range-parser@1.1.3:
    resolution: {integrity: sha512-B9zCFt3jH8g09LR1vHL4pcAn8yMEtlSlOUdQemzHMRKMImNIhhszdeosYFfNW0WXKQtXIlWB+O4owHJKvEJYaA==}
    engines: {node: '>=12.22.0'}
    dev: false

  /ipaddr.js@2.0.1:
    resolution: {integrity: sha512-1qTgH9NG+IIJ4yfKs2e6Pp1bZg8wbDbKHT21HrLIeYBTRLgMYKnMTPAuI3Lcs61nfx5h1xlXnbJtH1kX5/d/ng==}
    engines: {node: '>= 10'}
    dev: false

  /lodash.clonedeep@4.5.0:
    resolution: {integrity: sha512-H5ZhCF25riFd9uB5UCkVKo61m3S/xZk1x4wA6yp/L3RFP6Z/eHH1ymQcGLo7J3GMPfm0V/7m1tryHuGVxpqEBQ==}
    dev: false

  /lru-cache@9.1.1:
    resolution: {integrity: sha512-65/Jky17UwSb0BuB9V+MyDpsOtXKmYwzhyl+cOa9XUiI4uV2Ouy/2voFP3+al0BjZbJgMBD8FojMpAf+Z+qn4A==}
    engines: {node: 14 || >=16.14}
    dev: false

  /mime-db@1.52.0:
    resolution: {integrity: sha512-sPU4uV7dYlvtWJxwwxHD0PuihVNiE7TyAbQ5SWxDCB9mUYvOgroQOwYQQOKPJ8CIbE+1ETVlOoK1UC2nU3gYvg==}
    engines: {node: '>= 0.6'}
    dev: false

  /mime-types@2.1.35:
    resolution: {integrity: sha512-ZDY+bPm5zTTF+YpCrAU9nK0UgICYPT0QtT1NZWFv4s++TNkcgVaT0g6+4R2uI4MjQjzysHB1zxuWL50hzaeXiw==}
    engines: {node: '>= 0.6'}
    dependencies:
      mime-db: 1.52.0
    dev: false

  /negotiator@0.6.3:
    resolution: {integrity: sha512-+EUsqGPLsM+j/zdChZjsnX51g4XrHFOIXwfnCVPGlQk/k5giakcKsuxCObBRu6DSm9opw/O6slWbJdghQM4bBg==}
    engines: {node: '>= 0.6'}
    dev: false

  /proxy-from-env@1.1.0:
    resolution: {integrity: sha512-D+zkORCbA9f1tdWRK0RaCR3GPv50cMxcrz4X8k5LTSUD1Dkw47mKJEZQNunItRTkWwgtaUSo1RVFRIG9ZXiFYg==}
    dev: false

  /regexparam@2.0.1:
    resolution: {integrity: sha512-zRgSaYemnNYxUv+/5SeoHI0eJIgTL/A2pUtXUPLHQxUldagouJ9p+K6IbIZ/JiQuCEv2E2B1O11SjVQy3aMCkw==}
    engines: {node: '>=8'}
    dev: false
